
Microsoft Visual Studio Solution File, Format Version 12.00
# Visual Studio Version 16
VisualStudioVersion = 16.0.30503.244
MinimumVisualStudioVersion = 10.0.40219.1
Project("{FAE04EC0-301F-11D3-BF4B-00C04F79EFBC}") = "KriptoParaBot", "KriptoParaBot\KriptoParaBot.csproj", "{4A1953A7-C4AC-4427-B8B1-95AC5B0F196C}"
EndProject
Global
	GlobalSection(SolutionConfigurationPlatforms) = preSolution
		Debug|Any CPU = Debug|Any CPU
		Release|Any CPU = Release|Any CPU
	EndGlobalSection
	GlobalSection(ProjectConfigurationPlatforms) = postSolution
		{4A1953A7-C4AC-4427-B8B1-95AC5B0F196C}.Debug|Any CPU.ActiveCfg = Debug|Any CPU
		{4A1953A7-C4AC-4427-B8B1-95AC5B0F196C}.Debug|Any CPU.Build.0 = Debug|Any CPU
		{4A1953A7-C4AC-4427-B8B1-95AC5B0F196C}.Release|Any CPU.ActiveCfg = Release|Any CPU
		{4A1953A7-C4AC-4427-B8B1-95AC5B0F196C}.Release|Any CPU.Build.0 = Release|Any CPU
	EndGlobalSection
	GlobalSection(SolutionProperties) = preSolution
		HideSolutionNode = FALSE
	EndGlobalSection
	GlobalSection(ExtensibilityGlobals) = postSolution
		SolutionGuid = {F48F5E9B-6260-47B4-8130-CB78954B815B}
	EndGlobalSection
EndGlobal
